// !$*UTF8*$!
{
	archiveVersion = 1;
	classes = {
	};
	objectVersion = 50;
	objects = {

/* Begin PBXBuildFile section */
		F234CC5C20BCF1D400B18133 /* AppDelegate.m in Sources */ = {isa = PBXBuildFile; fileRef = F234CC5B20BCF1D400B18133 /* AppDelegate.m */; };
		F234CC5F20BCF1D400B18133 /* ViewController.m in Sources */ = {isa = PBXBuildFile; fileRef = F234CC5E20BCF1D400B18133 /* ViewController.m */; };
		F234CC6220BCF1D400B18133 /* Main.storyboard in Resources */ = {isa = PBXBuildFile; fileRef = F234CC6020BCF1D400B18133 /* Main.storyboard */; };
		F234CC6420BCF1D600B18133 /* Assets.xcassets in Resources */ = {isa = PBXBuildFile; fileRef = F234CC6320BCF1D600B18133 /* Assets.xcassets */; };
		F234CC6720BCF1D600B18133 /* LaunchScreen.storyboard in Resources */ = {isa = PBXBuildFile; fileRef = F234CC6520BCF1D600B18133 /* LaunchScreen.storyboard */; };
		F234CC6A20BCF1D600B18133 /* main.m in Sources */ = {isa = PBXBuildFile; fileRef = F234CC6920BCF1D600B18133 /* main.m */; };
		F234CC7420BCF1D600B18133 /* EffectImageTests.m in Sources */ = {isa = PBXBuildFile; fileRef = F234CC7320BCF1D600B18133 /* EffectImageTests.m */; };
		F234CC7F20BCF1D600B18133 /* EffectImageUITests.m in Sources */ = {isa = PBXBuildFile; fileRef = F234CC7E20BCF1D600B18133 /* EffectImageUITests.m */; };
/* End PBXBuildFile section */

/* Begin PBXContainerItemProxy section */
		F234CC7020BCF1D600B18133 /* PBXContainerItemProxy */ = {
			isa = PBXContainerItemProxy;
			containerPortal = F234CC4F20BCF1D400B18133 /* Project object */;
			proxyType = 1;
			remoteGlobalIDString = F234CC5620BCF1D400B18133;
			remoteInfo = EffectImage;
		};
		F234CC7B20BCF1D600B18133 /* PBXContainerItemProxy */ = {
			isa = PBXContainerItemProxy;
			containerPortal = F234CC4F20BCF1D400B18133 /* Project object */;
			proxyType = 1;
			remoteGlobalIDString = F234CC5620BCF1D400B18133;
			remoteInfo = EffectImage;
		};
/* End PBXContainerItemProxy section */

/* Begin PBXFileReference section */
		F234CC5720BCF1D400B18133 /* EffectImage.app */ = {isa = PBXFileReference; explicitFileType = wrapper.application; includeInIndex = 0; path = EffectImage.app; sourceTree = BUILT_PRODUCTS_DIR; };
		F234CC5A20BCF1D400B18133 /* AppDelegate.h */ = {isa = PBXFileReference; lastKnownFileType = sourcecode.c.h; path = AppDelegate.h; sourceTree = "<group>"; };
		F234CC5B20BCF1D400B18133 /* AppDelegate.m */ = {isa = PBXFileReference; lastKnownFileType = sourcecode.c.objc; path = AppDelegate.m; sourceTree = "<group>"; };
		F234CC5D20BCF1D400B18133 /* ViewController.h */ = {isa = PBXFileReference; lastKnownFileType = sourcecode.c.h; path = ViewController.h; sourceTree = "<group>"; };
		F234CC5E20BCF1D400B18133 /* ViewController.m */ = {isa = PBXFileReference; lastKnownFileType = sourcecode.c.objc; path = ViewController.m; sourceTree = "<group>"; };
		F234CC6120BCF1D400B18133 /* Base */ = {isa = PBXFileReference; lastKnownFileType = file.storyboard; name = Base; path = Base.lproj/Main.storyboard; sourceTree = "<group>"; };
		F234CC6320BCF1D600B18133 /* Assets.xcassets */ = {isa = PBXFileReference; lastKnownFileType = folder.assetcatalog; path = Assets.xcassets; sourceTree = "<group>"; };
		F234CC6620BCF1D600B18133 /* Base */ = {isa = PBXFileReference; lastKnownFileType = file.storyboard; name = Base; path = Base.lproj/LaunchScreen.storyboard; sourceTree = "<group>"; };
		F234CC6820BCF1D600B18133 /* Info.plist */ = {isa = PBXFileReference; lastKnownFileType = text.plist.xml; path = Info.plist; sourceTree = "<group>"; };
		F234CC6920BCF1D600B18133 /* main.m */ = {isa = PBXFileReference; lastKnownFileType = sourcecode.c.objc; path = main.m; sourceTree = "<group>"; };
		F234CC6F20BCF1D600B18133 /* EffectImageTests.xctest */ = {isa = PBXFileReference; explicitFileType = wrapper.cfbundle; includeInIndex = 0; path = EffectImageTests.xctest; sourceTree = BUILT_PRODUCTS_DIR; };
		F234CC7320BCF1D600B18133 /* EffectImageTests.m */ = {isa = PBXFileReference; lastKnownFileType = sourcecode.c.objc; path = EffectImageTests.m; sourceTree = "<group>"; };
		F234CC7520BCF1D600B18133 /* Info.plist */ = {isa = PBXFileReference; lastKnownFileType = text.plist.xml; path = Info.plist; sourceTree = "<group>"; };
		F234CC7A20BCF1D600B18133 /* EffectImageUITests.xctest */ = {isa = PBXFileReference; explicitFileType = wrapper.cfbundle; includeInIndex = 0; path = EffectImageUITests.xctest; sourceTree = BUILT_PRODUCTS_DIR; };
		F234CC7E20BCF1D600B18133 /* EffectImageUITests.m */ = {isa = PBXFileReference; lastKnownFileType = sourcecode.c.objc; path = EffectImageUITests.m; sourceTree = "<group>"; };
		F234CC8020BCF1D700B18133 /* Info.plist */ = {isa = PBXFileReference; lastKnownFileType = text.plist.xml; path = Info.plist; sourceTree = "<group>"; };
/* End PBXFileReference section */

/* Begin PBXFrameworksBuildPhase section */
		F234CC5420BCF1D400B18133 /* Frameworks */ = {
			isa = PBXFrameworksBuildPhase;
			buildActionMask = 2147483647;
			files = (
			);
			runOnlyForDeploymentPostprocessing = 0;
		};
		F234CC6C20BCF1D600B18133 /* Frameworks */ = {
			isa = PBXFrameworksBuildPhase;
			buildActionMask = 2147483647;
			files = (
			);
			runOnlyForDeploymentPostprocessing = 0;
		};
		F234CC7720BCF1D600B18133 /* Frameworks */ = {
			isa = PBXFrameworksBuildPhase;
			buildActionMask = 2147483647;
			files = (
			);
			runOnlyForDeploymentPostprocessing = 0;
		};
/* End PBXFrameworksBuildPhase section */

/* Begin PBXGroup section */
		F234CC4E20BCF1D400B18133 = {
			isa = PBXGroup;
			children = (
				F234CC5920BCF1D400B18133 /* EffectImage */,
				F234CC7220BCF1D600B18133 /* EffectImageTests */,
				F234CC7D20BCF1D600B18133 /* EffectImageUITests */,
				F234CC5820BCF1D400B18133 /* Products */,
			);
			sourceTree = "<group>";
		};
		F234CC5820BCF1D400B18133 /* Products */ = {
			isa = PBXGroup;
			children = (
				F234CC5720BCF1D400B18133 /* EffectImage.app */,
				F234CC6F20BCF1D600B18133 /* EffectImageTests.xctest */,
				F234CC7A20BCF1D600B18133 /* EffectImageUITests.xctest */,
			);
			name = Products;
			sourceTree = "<group>";
		};
		F234CC5920BCF1D400B18133 /* EffectImage */ = {
			isa = PBXGroup;
			children = (
				F234CC5A20BCF1D400B18133 /* AppDelegate.h */,
				F234CC5B20BCF1D400B18133 /* AppDelegate.m */,
				F234CC5D20BCF1D400B18133 /* ViewController.h */,
				F234CC5E20BCF1D400B18133 /* ViewController.m */,
				F234CC6020BCF1D400B18133 /* Main.storyboard */,
				F234CC6320BCF1D600B18133 /* Assets.xcassets */,
				F234CC6520BCF1D600B18133 /* LaunchScreen.storyboard */,
				F234CC6820BCF1D600B18133 /* Info.plist */,
				F234CC6920BCF1D600B18133 /* main.m */,
			);
			path = EffectImage;
			sourceTree = "<group>";
		};
		F234CC7220BCF1D600B18133 /* EffectImageTests */ = {
			isa = PBXGroup;
			children = (
				F234CC7320BCF1D600B18133 /* EffectImageTests.m */,
				F234CC7520BCF1D600B18133 /* Info.plist */,
			);
			path = EffectImageTests;
			sourceTree = "<group>";
		};
		F234CC7D20BCF1D600B18133 /* EffectImageUITests */ = {
			isa = PBXGroup;
			children = (
				F234CC7E20BCF1D600B18133 /* EffectImageUITests.m */,
				F234CC8020BCF1D700B18133 /* Info.plist */,
			);
			path = EffectImageUITests;
			sourceTree = "<group>";
		};
/* End PBXGroup section */

/* Begin PBXNativeTarget section */
		F234CC5620BCF1D400B18133 /* EffectImage */ = {
			isa = PBXNativeTarget;
			buildConfigurationList = F234CC8320BCF1D700B18133 /* Build configuration list for PBXNativeTarget "EffectImage" */;
			buildPhases = (
				F234CC5320BCF1D400B18133 /* Sources */,
				F234CC5420BCF1D400B18133 /* Frameworks */,
				F234CC5520BCF1D400B18133 /* Resources */,
			);
			buildRules = (
			);
			dependencies = (
			);
			name = EffectImage;
			productName = EffectImage;
			productReference = F234CC5720BCF1D400B18133 /* EffectImage.app */;
			productType = "com.apple.product-type.application";
		};
		F234CC6E20BCF1D600B18133 /* EffectImageTests */ = {
			isa = PBXNativeTarget;
			buildConfigurationList = F234CC8620BCF1D700B18133 /* Build configuration list for PBXNativeTarget "EffectImageTests" */;
			buildPhases = (
				F234CC6B20BCF1D600B18133 /* Sources */,
				F234CC6C20BCF1D600B18133 /* Frameworks */,
				F234CC6D20BCF1D600B18133 /* Resources */,
			);
			buildRules = (
			);
			dependencies = (
				F234CC7120BCF1D600B18133 /* PBXTargetDependency */,
			);
			name = EffectImageTests;
			productName = EffectImageTests;
			productReference = F234CC6F20BCF1D600B18133 /* EffectImageTests.xctest */;
			productType = "com.apple.product-type.bundle.unit-test";
		};
		F234CC7920BCF1D600B18133 /* EffectImageUITests */ = {
			isa = PBXNativeTarget;
			buildConfigurationList = F234CC8920BCF1D700B18133 /* Build configuration list for PBXNativeTarget "EffectImageUITests" */;
			buildPhases = (
				F234CC7620BCF1D600B18133 /* Sources */,
				F234CC7720BCF1D600B18133 /* Frameworks */,
				F234CC7820BCF1D600B18133 /* Resources */,
			);
			buildRules = (
			);
			dependencies = (
				F234CC7C20BCF1D600B18133 /* PBXTargetDependency */,
			);
			name = EffectImageUITests;
			productName = EffectImageUITests;
			productReference = F234CC7A20BCF1D600B18133 /* EffectImageUITests.xctest */;
			productType = "com.apple.product-type.bundle.ui-testing";
		};
/* End PBXNativeTarget section */

/* Begin PBXProject section */
		F234CC4F20BCF1D400B18133 /* Project object */ = {
			isa = PBXProject;
			attributes = {
				LastUpgradeCheck = 0940;
				ORGANIZATIONNAME = xu54;
				TargetAttributes = {
					F234CC5620BCF1D400B18133 = {
						CreatedOnToolsVersion = 9.4;
					};
					F234CC6E20BCF1D600B18133 = {
						CreatedOnToolsVersion = 9.4;
						TestTargetID = F234CC5620BCF1D400B18133;
					};
					F234CC7920BCF1D600B18133 = {
						CreatedOnToolsVersion = 9.4;
						TestTargetID = F234CC5620BCF1D400B18133;
					};
				};
			};
			buildConfigurationList = F234CC5220BCF1D400B18133 /* Build configuration list for PBXProject "EffectImage" */;
			compatibilityVersion = "Xcode 9.3";
			developmentRegion = en;
			hasScannedForEncodings = 0;
			knownRegions = (
				en,
				Base,
			);
			mainGroup = F234CC4E20BCF1D400B18133;
			productRefGroup = F234CC5820BCF1D400B18133 /* Products */;
			projectDirPath = "";
			projectRoot = "";
			targets = (
				F234CC5620BCF1D400B18133 /* EffectImage */,
				F234CC6E20BCF1D600B18133 /* EffectImageTests */,
				F234CC7920BCF1D600B18133 /* EffectImageUITests */,
			);
		};
/* End PBXProject section */

/* Begin PBXResourcesBuildPhase section */
		F234CC5520BCF1D400B18133 /* Resources */ = {
			isa = PBXResourcesBuildPhase;
			buildActionMask = 2147483647;
			files = (
				F234CC6720BCF1D600B18133 /* LaunchScreen.storyboard in Resources */,
				F234CC6420BCF1D600B18133 /* Assets.xcassets in Resources */,
				F234CC6220BCF1D400B18133 /* Main.storyboard in Resources */,
			);
			runOnlyForDeploymentPostprocessing = 0;
		};
		F234CC6D20BCF1D600B18133 /* Resources */ = {
			isa = PBXResourcesBuildPhase;
			buildActionMask = 2147483647;
			files = (
			);
			runOnlyForDeploymentPostprocessing = 0;
		};
		F234CC7820BCF1D600B18133 /* Resources */ = {
			isa = PBXResourcesBuildPhase;
			buildActionMask = 2147483647;
			files = (
			);
			runOnlyForDeploymentPostprocessing = 0;
		};
/* End PBXResourcesBuildPhase section */

/* Begin PBXSourcesBuildPhase section */
		F234CC5320BCF1D400B18133 /* Sources */ = {
			isa = PBXSourcesBuildPhase;
			buildActionMask = 2147483647;
			files = (
				F234CC5F20BCF1D400B18133 /* ViewController.m in Sources */,
				F234CC6A20BCF1D600B18133 /* main.m in Sources */,
				F234CC5C20BCF1D400B18133 /* AppDelegate.m in Sources */,
			);
			runOnlyForDeploymentPostprocessing = 0;
		};
		F234CC6B20BCF1D600B18133 /* Sources */ = {
			isa = PBXSourcesBuildPhase;
			buildActionMask = 2147483647;
			files = (
				F234CC7420BCF1D600B18133 /* EffectImageTests.m in Sources */,
			);
			runOnlyForDeploymentPostprocessing = 0;
		};
		F234CC7620BCF1D600B18133 /* Sources */ = {
			isa = PBXSourcesBuildPhase;
			buildActionMask = 2147483647;
			files = (
				F234CC7F20BCF1D600B18133 /* EffectImageUITests.m in Sources */,
			);
			runOnlyForDeploymentPostprocessing = 0;
		};
/* End PBXSourcesBuildPhase section */

/* Begin PBXTargetDependency section */
		F234CC7120BCF1D600B18133 /* PBXTargetDependency */ = {
			isa = PBXTargetDependency;
			target = F234CC5620BCF1D400B18133 /* EffectImage */;
			targetProxy = F234CC7020BCF1D600B18133 /* PBXContainerItemProxy */;
		};
		F234CC7C20BCF1D600B18133 /* PBXTargetDependency */ = {
			isa = PBXTargetDependency;
			target = F234CC5620BCF1D400B18133 /* EffectImage */;
			targetProxy = F234CC7B20BCF1D600B18133 /* PBXContainerItemProxy */;
		};
/* End PBXTargetDependency section */

/* Begin PBXVariantGroup section */
		F234CC6020BCF1D400B18133 /* Main.storyboard */ = {
			isa = PBXVariantGroup;
			children = (
				F234CC6120BCF1D400B18133 /* Base */,
			);
			name = Main.storyboard;
			sourceTree = "<group>";
		};
		F234CC6520BCF1D600B18133 /* LaunchScreen.storyboard */ = {
			isa = PBXVariantGroup;
			children = (
				F234CC6620BCF1D600B18133 /* Base */,
			);
			name = LaunchScreen.storyboard;
			sourceTree = "<group>";
		};
/* End PBXVariantGroup section */

/* Begin XCBuildConfiguration section */
		F234CC8120BCF1D700B18133 /* Debug */ = {
			isa = XCBuildConfiguration;
			buildSettings = {
				ALWAYS_SEARCH_USER_PATHS = NO;
				CLANG_ANALYZER_NONNULL = YES;
				CLANG_ANALYZER_NUMBER_OBJECT_CONVERSION = YES_AGGRESSIVE;
				CLANG_CXX_LANGUAGE_STANDARD = "gnu++14";
				CLANG_CXX_LIBRARY = "libc++";
				CLANG_ENABLE_MODULES = YES;
				CLANG_ENABLE_OBJC_ARC = YES;
				CLANG_ENABLE_OBJC_WEAK = YES;
				CLANG_WARN_BLOCK_CAPTURE_AUTORELEASING = YES;
				CLANG_WARN_BOOL_CONVERSION = YES;
				CLANG_WARN_COMMA = YES;
				CLANG_WARN_CONSTANT_CONVERSION = YES;
				CLANG_WARN_DEPRECATED_OBJC_IMPLEMENTATIONS = YES;
				CLANG_WARN_DIRECT_OBJC_ISA_USAGE = YES_ERROR;
				CLANG_WARN_DOCUMENTATION_COMMENTS = YES;
				CLANG_WARN_EMPTY_BODY = YES;
				CLANG_WARN_ENUM_CONVERSION = YES;
				CLANG_WARN_INFINITE_RECURSION = YES;
				CLANG_WARN_INT_CONVERSION = YES;
				CLANG_WARN_NON_LITERAL_NULL_CONVERSION = YES;
				CLANG_WARN_OBJC_IMPLICIT_RETAIN_SELF = YES;
				CLANG_WARN_OBJC_LITERAL_CONVERSION = YES;
				CLANG_WARN_OBJC_ROOT_CLASS = YES_ERROR;
				CLANG_WARN_RANGE_LOOP_ANALYSIS = YES;
				CLANG_WARN_STRICT_PROTOTYPES = YES;
				CLANG_WARN_SUSPICIOUS_MOVE = YES;
				CLANG_WARN_UNGUARDED_AVAILABILITY = YES_AGGRESSIVE;
				CLANG_WARN_UNREACHABLE_CODE = YES;
				CLANG_WARN__DUPLICATE_METHOD_MATCH = YES;
				CODE_SIGN_IDENTITY = "iPhone Developer";
				COPY_PHASE_STRIP = NO;
				DEBUG_INFORMATION_FORMAT = dwarf;
				ENABLE_STRICT_OBJC_MSGSEND = YES;
				ENABLE_TESTABILITY = YES;
				GCC_C_LANGUAGE_STANDARD = gnu11;
				GCC_DYNAMIC_NO_PIC = NO;
				GCC_NO_COMMON_BLOCKS = YES;
				GCC_OPTIMIZATION_LEVEL = 0;
				GCC_PREPROCESSOR_DEFINITIONS = (
					"DEBUG=1",
					"$(inherited)",
				);
				GCC_WARN_64_TO_32_BIT_CONVERSION = YES;
				GCC_WARN_ABOUT_RETURN_TYPE = YES_ERROR;
				GCC_WARN_UNDECLARED_SELECTOR = YES;
				GCC_WARN_UNINITIALIZED_AUTOS = YES_AGGRESSIVE;
				GCC_WARN_UNUSED_FUNCTION = YES;
				GCC_WARN_UNUSED_VARIABLE = YES;
				IPHONEOS_DEPLOYMENT_TARGET = 11.4;
				MTL_ENABLE_DEBUG_INFO = YES;
				ONLY_ACTIVE_ARCH = YES;
				SDKROOT = iphoneos;
			};
			name = Debug;
		};
		F234CC8220BCF1D700B18133 /* Release */ = {
			isa = XCBuildConfiguration;
			buildSettings = {
				ALWAYS_SEARCH_USER_PATHS = NO;
				CLANG_ANALYZER_NONNULL = YES;
				CLANG_ANALYZER_NUMBER_OBJECT_CONVERSION = YES_AGGRESSIVE;
				CLANG_CXX_LANGUAGE_STANDARD = "gnu++14";
				CLANG_CXX_LIBRARY = "libc++";
				CLANG_ENABLE_MODULES = YES;
				CLANG_ENABLE_OBJC_ARC = YES;
				CLANG_ENABLE_OBJC_WEAK = YES;
				CLANG_WARN_BLOCK_CAPTURE_AUTORELEASING = YES;
				CLANG_WARN_BOOL_CONVERSION = YES;
				CLANG_WARN_COMMA = YES;
				CLANG_WARN_CONSTANT_CONVERSION = YES;
				CLANG_WARN_DEPRECATED_OBJC_IMPLEMENTATIONS = YES;
				CLANG_WARN_DIRECT_OBJC_ISA_USAGE = YES_ERROR;
				CLANG_WARN_DOCUMENTATION_COMMENTS = YES;
				CLANG_WARN_EMPTY_BODY = YES;
				CLANG_WARN_ENUM_CONVERSION = YES;
				CLANG_WARN_INFINITE_RECURSION = YES;
				CLANG_WARN_INT_CONVERSION = YES;
				CLANG_WARN_NON_LITERAL_NULL_CONVERSION = YES;
				CLANG_WARN_OBJC_IMPLICIT_RETAIN_SELF = YES;
				CLANG_WARN_OBJC_LITERAL_CONVERSION = YES;
				CLANG_WARN_OBJC_ROOT_CLASS = YES_ERROR;
				CLANG_WARN_RANGE_LOOP_ANALYSIS = YES;
				CLANG_WARN_STRICT_PROTOTYPES = YES;
				CLANG_WARN_SUSPICIOUS_MOVE = YES;
				CLANG_WARN_UNGUARDED_AVAILABILITY = YES_AGGRESSIVE;
				CLANG_WARN_UNREACHABLE_CODE = YES;
				CLANG_WARN__DUPLICATE_METHOD_MATCH = YES;
				CODE_SIGN_IDENTITY = "iPhone Developer";
				COPY_PHASE_STRIP = NO;
				DEBUG_INFORMATION_FORMAT = "dwarf-with-dsym";
				ENABLE_NS_ASSERTIONS = NO;
				ENABLE_STRICT_OBJC_MSGSEND = YES;
				GCC_C_LANGUAGE_STANDARD = gnu11;
				GCC_NO_COMMON_BLOCKS = YES;
				GCC_WARN_64_TO_32_BIT_CONVERSION = YES;
				GCC_WARN_ABOUT_RETURN_TYPE = YES_ERROR;
				GCC_WARN_UNDECLARED_SELECTOR = YES;
				GCC_WARN_UNINITIALIZED_AUTOS = YES_AGGRESSIVE;
				GCC_WARN_UNUSED_FUNCTION = YES;
				GCC_WARN_UNUSED_VARIABLE = YES;
				IPHONEOS_DEPLOYMENT_TARGET = 11.4;
				MTL_ENABLE_DEBUG_INFO = NO;
				SDKROOT = iphoneos;
				VALIDATE_PRODUCT = YES;
			};
			name = Release;
		};
		F234CC8420BCF1D700B18133 /* Debug */ = {
			isa = XCBuildConfiguration;
			buildSettings = {
				ASSETCATALOG_COMPILER_APPICON_NAME = AppIcon;
				CODE_SIGN_STYLE = Automatic;
				DEVELOPMENT_TEAM = JSK7SXJ2FN;
				INFOPLIST_FILE = EffectImage/Info.plist;
				LD_RUNPATH_SEARCH_PATHS = (
					"$(inherited)",
					"@executable_path/Frameworks",
				);
				PRODUCT_BUNDLE_IDENTIFIER = permine.EffectImage;
				PRODUCT_NAME = "$(TARGET_NAME)";
				TARGETED_DEVICE_FAMILY = "1,2";
			};
			name = Debug;
		};
		F234CC8520BCF1D700B18133 /* Release */ = {
			isa = XCBuildConfiguration;
			buildSettings = {
				ASSETCATALOG_COMPILER_APPICON_NAME = AppIcon;
				CODE_SIGN_STYLE = Automatic;
				DEVELOPMENT_TEAM = JSK7SXJ2FN;
				INFOPLIST_FILE = EffectImage/Info.plist;
				LD_RUNPATH_SEARCH_PATHS = (
					"$(inherited)",
					"@executable_path/Frameworks",
				);
				PRODUCT_BUNDLE_IDENTIFIER = permine.EffectImage;
				PRODUCT_NAME = "$(TARGET_NAME)";
				TARGETED_DEVICE_FAMILY = "1,2";
			};
			name = Release;
		};
		F234CC8720BCF1D700B18133 /* Debug */ = {
			isa = XCBuildConfiguration;
			buildSettings = {
				BUNDLE_LOADER = "$(TEST_HOST)";
				CODE_SIGN_STYLE = Automatic;
				DEVELOPMENT_TEAM = JSK7SXJ2FN;
				INFOPLIST_FILE = EffectImageTests/Info.plist;
				LD_RUNPATH_SEARCH_PATHS = (
					"$(inherited)",
					"@executable_path/Frameworks",
					"@loader_path/Frameworks",
				);
				PRODUCT_BUNDLE_IDENTIFIER = permine.EffectImageTests;
				PRODUCT_NAME = "$(TARGET_NAME)";
				TARGETED_DEVICE_FAMILY = "1,2";
				TEST_HOST = "$(BUILT_PRODUCTS_DIR)/EffectImage.app/EffectImage";
			};
			name = Debug;
		};
		F234CC8820BCF1D700B18133 /* Release */ = {
			isa = XCBuildConfiguration;
			buildSettings = {
				BUNDLE_LOADER = "$(TEST_HOST)";
				CODE_SIGN_STYLE = Automatic;
				DEVELOPMENT_TEAM = JSK7SXJ2FN;
				INFOPLIST_FILE = EffectImageTests/Info.plist;
				LD_RUNPATH_SEARCH_PATHS = (
					"$(inherited)",
					"@executable_path/Frameworks",
					"@loader_path/Frameworks",
				);
				PRODUCT_BUNDLE_IDENTIFIER = permine.EffectImageTests;
				PRODUCT_NAME = "$(TARGET_NAME)";
				TARGETED_DEVICE_FAMILY = "1,2";
				TEST_HOST = "$(BUILT_PRODUCTS_DIR)/EffectImage.app/EffectImage";
			};
			name = Release;
		};
		F234CC8A20BCF1D700B18133 /* Debug */ = {
			isa = XCBuildConfiguration;
			buildSettings = {
				CODE_SIGN_STYLE = Automatic;
				DEVELOPMENT_TEAM = JSK7SXJ2FN;
				INFOPLIST_FILE = EffectImageUITests/Info.plist;
				LD_RUNPATH_SEARCH_PATHS = (
					"$(inherited)",
					"@executable_path/Frameworks",
					"@loader_path/Frameworks",
				);
				PRODUCT_BUNDLE_IDENTIFIER = permine.EffectImageUITests;
				PRODUCT_NAME = "$(TARGET_NAME)";
				TARGETED_DEVICE_FAMILY = "1,2";
				TEST_TARGET_NAME = EffectImage;
			};
			name = Debug;
		};
		F234CC8B20BCF1D700B18133 /* Release */ = {
			isa = XCBuildConfiguration;
			buildSettings = {
				CODE_SIGN_STYLE = Automatic;
				DEVELOPMENT_TEAM = JSK7SXJ2FN;
				INFOPLIST_FILE = EffectImageUITests/Info.plist;
				LD_RUNPATH_SEARCH_PATHS = (
					"$(inherited)",
					"@executable_path/Frameworks",
					"@loader_path/Frameworks",
				);
				PRODUCT_BUNDLE_IDENTIFIER = permine.EffectImageUITests;
				PRODUCT_NAME = "$(TARGET_NAME)";
				TARGETED_DEVICE_FAMILY = "1,2";
				TEST_TARGET_NAME = EffectImage;
			};
			name = Release;
		};
/* End XCBuildConfiguration section */

/* Begin XCConfigurationList section */
		F234CC5220BCF1D400B18133 /* Build configuration list for PBXProject "EffectImage" */ = {
			isa = XCConfigurationList;
			buildConfigurations = (
				F234CC8120BCF1D700B18133 /* Debug */,
				F234CC8220BCF1D700B18133 /* Release */,
			);
			defaultConfigurationIsVisible = 0;
			defaultConfigurationName = Release;
		};
		F234CC8320BCF1D700B18133 /* Build configuration list for PBXNativeTarget "EffectImage" */ = {
			isa = XCConfigurationList;
			buildConfigurations = (
				F234CC8420BCF1D700B18133 /* Debug */,
				F234CC8520BCF1D700B18133 /* Release */,
			);
			defaultConfigurationIsVisible = 0;
			defaultConfigurationName = Release;
		};
		F234CC8620BCF1D700B18133 /* Build configuration list for PBXNativeTarget "EffectImageTests" */ = {
			isa = XCConfigurationList;
			buildConfigurations = (
				F234CC8720BCF1D700B18133 /* Debug */,
				F234CC8820BCF1D700B18133 /* Release */,
			);
			defaultConfigurationIsVisible = 0;
			defaultConfigurationName = Release;
		};
		F234CC8920BCF1D700B18133 /* Build configuration list for PBXNativeTarget "EffectImageUITests" */ = {
			isa = XCConfigurationList;
			buildConfigurations = (
				F234CC8A20BCF1D700B18133 /* Debug */,
				F234CC8B20BCF1D700B18133 /* Release */,
			);
			defaultConfigurationIsVisible = 0;
			defaultConfigurationName = Release;
		};
/* End XCConfigurationList section */
	};
	rootObject = F234CC4F20BCF1D400B18133 /* Project object */;
}
